
Microsoft Visual Studio Solution File, Format Version 12.00
# Visual Studio Version 17
VisualStudioVersion = 17.3.32825.248
MinimumVisualStudioVersion = 10.0.40219.1
Project("{FAE04EC0-301F-11D3-BF4B-00C04F79EFBC}") = "PbGarbargeSearch", "PbGarbargeSearch\PbGarbargeSearch.csproj", "{FFF1F1A2-BE09-4C11-A6CA-46CA3D60F584}"
EndProject
Global
	GlobalSection(SolutionConfigurationPlatforms) = preSolution
		Debug|Any CPU = Debug|Any CPU
		Release|Any CPU = Release|Any CPU
	EndGlobalSection
	GlobalSection(ProjectConfigurationPlatforms) = postSolution
		{FFF1F1A2-BE09-4C11-A6CA-46CA3D60F584}.Debug|Any CPU.ActiveCfg = Debug|Any CPU
		{FFF1F1A2-BE09-4C11-A6CA-46CA3D60F584}.Debug|Any CPU.Build.0 = Debug|Any CPU
		{FFF1F1A2-BE09-4C11-A6CA-46CA3D60F584}.Release|Any CPU.ActiveCfg = Release|Any CPU
		{FFF1F1A2-BE09-4C11-A6CA-46CA3D60F584}.Release|Any CPU.Build.0 = Release|Any CPU
	EndGlobalSection
	GlobalSection(SolutionProperties) = preSolution
		HideSolutionNode = FALSE
	EndGlobalSection
	GlobalSection(ExtensibilityGlobals) = postSolution
		SolutionGuid = {95E5FD06-30D9-40C5-8332-4E435B3DAD53}
	EndGlobalSection
EndGlobal
